
Microsoft Visual Studio Solution File, Format Version 12.00
# Visual Studio Version 17
VisualStudioVersion = 17.11.35431.28
MinimumVisualStudioVersion = 10.0.40219.1
Project("{FAE04EC0-301F-11D3-BF4B-00C04F79EFBC}") = "TallerElectronicos-2Parcial", "TallerElectronicos-2Parcial\TallerElectronicos-2Parcial.csproj", "{9B5C23BC-862C-4216-A8A1-2DBAA9F18083}"
EndProject
Global
	GlobalSection(SolutionConfigurationPlatforms) = preSolution
		Debug|Any CPU = Debug|Any CPU
		Release|Any CPU = Release|Any CPU
	EndGlobalSection
	GlobalSection(ProjectConfigurationPlatforms) = postSolution
		{9B5C23BC-862C-4216-A8A1-2DBAA9F18083}.Debug|Any CPU.ActiveCfg = Debug|Any CPU
		{9B5C23BC-862C-4216-A8A1-2DBAA9F18083}.Debug|Any CPU.Build.0 = Debug|Any CPU
		{9B5C23BC-862C-4216-A8A1-2DBAA9F18083}.Release|Any CPU.ActiveCfg = Release|Any CPU
		{9B5C23BC-862C-4216-A8A1-2DBAA9F18083}.Release|Any CPU.Build.0 = Release|Any CPU
	EndGlobalSection
	GlobalSection(SolutionProperties) = preSolution
		HideSolutionNode = FALSE
	EndGlobalSection
	GlobalSection(ExtensibilityGlobals) = postSolution
		SolutionGuid = {8B93BB4C-055F-4E7D-A86F-67F5765050BE}
	EndGlobalSection
EndGlobal
